
Microsoft Visual Studio Solution File, Format Version 12.00
# Visual Studio Version 17
VisualStudioVersion = 17.2.32526.322
MinimumVisualStudioVersion = 10.0.40219.1
Project("{2150E333-8FDC-42A3-9474-1A3956D46DE8}") = "Api", "Api", "{3ABB8978-9FFC-47B8-8426-444589AFD54D}"
EndProject
Project("{2150E333-8FDC-42A3-9474-1A3956D46DE8}") = "Aplication", "Aplication", "{81986026-DB53-40A3-A11C-03AE82A0A239}"
EndProject
Project("{2150E333-8FDC-42A3-9474-1A3956D46DE8}") = "Infrastructure", "Infrastructure", "{810892A8-9E1D-43C5-BCED-E9CB5F095ECB}"
EndProject
Project("{2150E333-8FDC-42A3-9474-1A3956D46DE8}") = "Query", "Query", "{BB0F0126-513C-4B96-937F-0641F9718E5B}"
EndProject
Project("{2150E333-8FDC-42A3-9474-1A3956D46DE8}") = "Domain", "Domain", "{5D97F20F-E8E2-42A0-8685-FEB27D7CEE01}"
EndProject
Project("{2150E333-8FDC-42A3-9474-1A3956D46DE8}") = "1.1 WebApi", "1.1 WebApi", "{499AD24C-71F3-4CA5-B485-1AA6D70F5E19}"
EndProject
Project("{FAE04EC0-301F-11D3-BF4B-00C04F79EFBC}") = "GoogleApi", "GoogleApi\GoogleApi.csproj", "{0BC9C5A9-C569-47DE-98DE-834838F92801}"
EndProject
Project("{FAE04EC0-301F-11D3-BF4B-00C04F79EFBC}") = "GoogleApi.Domain", "GoogleApi.Domain\GoogleApi.Domain.csproj", "{042239C5-9AAF-4C44-92DE-2FC68BB903B4}"
EndProject
Project("{2150E333-8FDC-42A3-9474-1A3956D46DE8}") = "1.1 GoogleDBContex", "1.1 GoogleDBContex", "{FA985E87-4FF3-4EDE-B6D4-C1F20307D0DD}"
EndProject
Project("{FAE04EC0-301F-11D3-BF4B-00C04F79EFBC}") = "GoogleApi.DBContext", "GoogleApi.DBContext\GoogleApi.DBContext.csproj", "{F97D55DB-7F63-4F99-A3D0-BBD55093F27E}"
EndProject
Project("{2150E333-8FDC-42A3-9474-1A3956D46DE8}") = "Repository", "Repository", "{BCBDEFF7-D0E9-4296-8C73-14E2BFA58968}"
EndProject
Project("{FAE04EC0-301F-11D3-BF4B-00C04F79EFBC}") = "GoogleApi.Repository", "GoogleApi.Repository\GoogleApi.Repository.csproj", "{B603546C-038B-4E14-85C7-E334BE77BF9B}"
EndProject
Project("{FAE04EC0-301F-11D3-BF4B-00C04F79EFBC}") = "GoogleApi.pplication", "GoogleApi.pplication\GoogleApi.pplication.csproj", "{3DC9C81A-9186-4272-8671-3FE96D2C1DD8}"
EndProject
Global
	GlobalSection(SolutionConfigurationPlatforms) = preSolution
		Debug|Any CPU = Debug|Any CPU
		Release|Any CPU = Release|Any CPU
	EndGlobalSection
	GlobalSection(ProjectConfigurationPlatforms) = postSolution
		{0BC9C5A9-C569-47DE-98DE-834838F92801}.Debug|Any CPU.ActiveCfg = Debug|Any CPU
		{0BC9C5A9-C569-47DE-98DE-834838F92801}.Debug|Any CPU.Build.0 = Debug|Any CPU
		{0BC9C5A9-C569-47DE-98DE-834838F92801}.Release|Any CPU.ActiveCfg = Release|Any CPU
		{0BC9C5A9-C569-47DE-98DE-834838F92801}.Release|Any CPU.Build.0 = Release|Any CPU
		{042239C5-9AAF-4C44-92DE-2FC68BB903B4}.Debug|Any CPU.ActiveCfg = Debug|Any CPU
		{042239C5-9AAF-4C44-92DE-2FC68BB903B4}.Debug|Any CPU.Build.0 = Debug|Any CPU
		{042239C5-9AAF-4C44-92DE-2FC68BB903B4}.Release|Any CPU.ActiveCfg = Release|Any CPU
		{042239C5-9AAF-4C44-92DE-2FC68BB903B4}.Release|Any CPU.Build.0 = Release|Any CPU
		{F97D55DB-7F63-4F99-A3D0-BBD55093F27E}.Debug|Any CPU.ActiveCfg = Debug|Any CPU
		{F97D55DB-7F63-4F99-A3D0-BBD55093F27E}.Debug|Any CPU.Build.0 = Debug|Any CPU
		{F97D55DB-7F63-4F99-A3D0-BBD55093F27E}.Release|Any CPU.ActiveCfg = Release|Any CPU
		{F97D55DB-7F63-4F99-A3D0-BBD55093F27E}.Release|Any CPU.Build.0 = Release|Any CPU
		{B603546C-038B-4E14-85C7-E334BE77BF9B}.Debug|Any CPU.ActiveCfg = Debug|Any CPU
		{B603546C-038B-4E14-85C7-E334BE77BF9B}.Debug|Any CPU.Build.0 = Debug|Any CPU
		{B603546C-038B-4E14-85C7-E334BE77BF9B}.Release|Any CPU.ActiveCfg = Release|Any CPU
		{B603546C-038B-4E14-85C7-E334BE77BF9B}.Release|Any CPU.Build.0 = Release|Any CPU
		{3DC9C81A-9186-4272-8671-3FE96D2C1DD8}.Debug|Any CPU.ActiveCfg = Debug|Any CPU
		{3DC9C81A-9186-4272-8671-3FE96D2C1DD8}.Debug|Any CPU.Build.0 = Debug|Any CPU
		{3DC9C81A-9186-4272-8671-3FE96D2C1DD8}.Release|Any CPU.ActiveCfg = Release|Any CPU
		{3DC9C81A-9186-4272-8671-3FE96D2C1DD8}.Release|Any CPU.Build.0 = Release|Any CPU
	EndGlobalSection
	GlobalSection(SolutionProperties) = preSolution
		HideSolutionNode = FALSE
	EndGlobalSection
	GlobalSection(NestedProjects) = preSolution
		{499AD24C-71F3-4CA5-B485-1AA6D70F5E19} = {3ABB8978-9FFC-47B8-8426-444589AFD54D}
		{0BC9C5A9-C569-47DE-98DE-834838F92801} = {499AD24C-71F3-4CA5-B485-1AA6D70F5E19}
		{042239C5-9AAF-4C44-92DE-2FC68BB903B4} = {5D97F20F-E8E2-42A0-8685-FEB27D7CEE01}
		{FA985E87-4FF3-4EDE-B6D4-C1F20307D0DD} = {810892A8-9E1D-43C5-BCED-E9CB5F095ECB}
		{F97D55DB-7F63-4F99-A3D0-BBD55093F27E} = {FA985E87-4FF3-4EDE-B6D4-C1F20307D0DD}
		{BCBDEFF7-D0E9-4296-8C73-14E2BFA58968} = {BB0F0126-513C-4B96-937F-0641F9718E5B}
		{B603546C-038B-4E14-85C7-E334BE77BF9B} = {BCBDEFF7-D0E9-4296-8C73-14E2BFA58968}
		{3DC9C81A-9186-4272-8671-3FE96D2C1DD8} = {81986026-DB53-40A3-A11C-03AE82A0A239}
	EndGlobalSection
	GlobalSection(ExtensibilityGlobals) = postSolution
		SolutionGuid = {310B3E87-F49A-419A-B6D4-019733875DA5}
	EndGlobalSection
EndGlobal
